
Microsoft Visual Studio Solution File, Format Version 12.00
# Visual Studio Version 16
VisualStudioVersion = 16.0.30011.22
MinimumVisualStudioVersion = 10.0.40219.1
Project("{FAE04EC0-301F-11D3-BF4B-00C04F79EFBC}") = "OpenJDK.BigMathNET", "OpenJDK.BigMathNET.csproj", "{2F73B2B1-0400-4D5D-883A-F3C5C934EE0D}"
EndProject
Global
	GlobalSection(SolutionConfigurationPlatforms) = preSolution
		Debug|Any CPU = Debug|Any CPU
		Release|Any CPU = Release|Any CPU
	EndGlobalSection
	GlobalSection(ProjectConfigurationPlatforms) = postSolution
		{2F73B2B1-0400-4D5D-883A-F3C5C934EE0D}.Debug|Any CPU.ActiveCfg = Debug|Any CPU
		{2F73B2B1-0400-4D5D-883A-F3C5C934EE0D}.Debug|Any CPU.Build.0 = Debug|Any CPU
		{2F73B2B1-0400-4D5D-883A-F3C5C934EE0D}.Release|Any CPU.ActiveCfg = Release|Any CPU
		{2F73B2B1-0400-4D5D-883A-F3C5C934EE0D}.Release|Any CPU.Build.0 = Release|Any CPU
	EndGlobalSection
	GlobalSection(SolutionProperties) = preSolution
		HideSolutionNode = FALSE
	EndGlobalSection
	GlobalSection(ExtensibilityGlobals) = postSolution
		SolutionGuid = {1F98C5C4-5152-47AA-8F05-6B8484324111}
	EndGlobalSection
EndGlobal
